
Microsoft Visual Studio Solution File, Format Version 12.00
# Visual Studio Version 17
VisualStudioVersion = 17.9.34902.65
MinimumVisualStudioVersion = 10.0.40219.1
Project("{FAE04EC0-301F-11D3-BF4B-00C04F79EFBC}") = "FirstApplication", "FirstApplication\FirstApplication.csproj", "{58E3B5C3-D35B-4464-BB8F-23E918041A62}"
EndProject
Global
	GlobalSection(SolutionConfigurationPlatforms) = preSolution
		Debug|Any CPU = Debug|Any CPU
		Release|Any CPU = Release|Any CPU
	EndGlobalSection
	GlobalSection(ProjectConfigurationPlatforms) = postSolution
		{58E3B5C3-D35B-4464-BB8F-23E918041A62}.Debug|Any CPU.ActiveCfg = Debug|Any CPU
		{58E3B5C3-D35B-4464-BB8F-23E918041A62}.Debug|Any CPU.Build.0 = Debug|Any CPU
		{58E3B5C3-D35B-4464-BB8F-23E918041A62}.Release|Any CPU.ActiveCfg = Release|Any CPU
		{58E3B5C3-D35B-4464-BB8F-23E918041A62}.Release|Any CPU.Build.0 = Release|Any CPU
	EndGlobalSection
	GlobalSection(SolutionProperties) = preSolution
		HideSolutionNode = FALSE
	EndGlobalSection
	GlobalSection(ExtensibilityGlobals) = postSolution
		SolutionGuid = {DCF6C095-E6E1-47D1-9344-A06CEE691C0A}
	EndGlobalSection
EndGlobal
